
Microsoft Visual Studio Solution File, Format Version 12.00
# Visual Studio Version 17
VisualStudioVersion = 17.7.34221.43
MinimumVisualStudioVersion = 10.0.40219.1
Project("{8BC9CEB8-8B4A-11D0-8D11-00A0C91BC942}") = "원형 연결리스트", "원형 연결리스트\원형 연결리스트.vcxproj", "{511B0657-E274-46DB-AB9E-095660C52EE1}"
EndProject
Global
	GlobalSection(SolutionConfigurationPlatforms) = preSolution
		Debug|x64 = Debug|x64
		Debug|x86 = Debug|x86
		Release|x64 = Release|x64
		Release|x86 = Release|x86
	EndGlobalSection
	GlobalSection(ProjectConfigurationPlatforms) = postSolution
		{511B0657-E274-46DB-AB9E-095660C52EE1}.Debug|x64.ActiveCfg = Debug|x64
		{511B0657-E274-46DB-AB9E-095660C52EE1}.Debug|x64.Build.0 = Debug|x64
		{511B0657-E274-46DB-AB9E-095660C52EE1}.Debug|x86.ActiveCfg = Debug|Win32
		{511B0657-E274-46DB-AB9E-095660C52EE1}.Debug|x86.Build.0 = Debug|Win32
		{511B0657-E274-46DB-AB9E-095660C52EE1}.Release|x64.ActiveCfg = Release|x64
		{511B0657-E274-46DB-AB9E-095660C52EE1}.Release|x64.Build.0 = Release|x64
		{511B0657-E274-46DB-AB9E-095660C52EE1}.Release|x86.ActiveCfg = Release|Win32
		{511B0657-E274-46DB-AB9E-095660C52EE1}.Release|x86.Build.0 = Release|Win32
	EndGlobalSection
	GlobalSection(SolutionProperties) = preSolution
		HideSolutionNode = FALSE
	EndGlobalSection
	GlobalSection(ExtensibilityGlobals) = postSolution
		SolutionGuid = {53AF0D6D-8E5F-41EB-90F8-CADCA0E03B4E}
	EndGlobalSection
EndGlobal
